# Generated by buf. DO NOT EDIT.
version: v1
deps:
  - remote: buf.build
    owner: googleapis
    repository: googleapis
    commit: 4ed3bc159a8b4ac68fe253218760d035
    digest: shake256:7149cf5e9955c692d381e557830555d4e93f205a0f1b8e2dfdae46d029369aa3fc1980e35df0d310f7cc3b622f93e19ad276769a283a967dd3065ddfd3a40e13
