{
  "name": "ssoready",
  "lockfileVersion": 2,
  "requires": true,
  "packages": {
    "": {
      "dependencies": {
        "@bufbuild/buf": "^1.31.0",
        "@bufbuild/protoc-gen-es": "^1.9.0",
        "@connectrpc/protoc-gen-connect-es": "^1.4.0",
        "@connectrpc/protoc-gen-connect-query": "^1.3.1"
      }
    },
    "node_modules/@bufbuild/buf": {
      "version": "1.31.0",
      "resolved": "https://registry.npmjs.org/@bufbuild/buf/-/buf-1.31.0.tgz",
      "integrity": "sha512-kM/eueGkp0NDo8p8B6GXr1MdCzf4w8zEV1gbEiDlaLYDoyeHGLtlf5jF/hrb6MsvCccy3x7cc+cj4Wn/DmoR2g==",
      "hasInstallScript": true,
      "bin": {
        "buf": "bin/buf",
        "protoc-gen-buf-breaking": "bin/protoc-gen-buf-breaking",
        "protoc-gen-buf-lint": "bin/protoc-gen-buf-lint"
      },
      "engines": {
        "node": ">=12"
      },
      "optionalDependencies": {
        "@bufbuild/buf-darwin-arm64": "1.31.0",
        "@bufbuild/buf-darwin-x64": "1.31.0",
        "@bufbuild/buf-linux-aarch64": "1.31.0",
        "@bufbuild/buf-linux-x64": "1.31.0",
        "@bufbuild/buf-win32-arm64": "1.31.0",
        "@bufbuild/buf-win32-x64": "1.31.0"
      }
    },
    "node_modules/@bufbuild/buf-darwin-arm64": {
      "version": "1.31.0",
      "resolved": "https://registry.npmjs.org/@bufbuild/buf-darwin-arm64/-/buf-darwin-arm64-1.31.0.tgz",
      "integrity": "sha512-C0jArGS/SW0jfpBBmG6xEhUBWQTsGInnPr7y44WYWNS/U5OnnWPJtYQ7xbH0mzYDMx7sZVRV0FKvPO0FPKS+hA==",
      "cpu": [
        "arm64"
      ],
      "optional": true,
      "os": [
        "darwin"
      ],
      "engines": {
        "node": ">=12"
      }
    },
    "node_modules/@bufbuild/buf-darwin-x64": {
      "version": "1.31.0",
      "resolved": "https://registry.npmjs.org/@bufbuild/buf-darwin-x64/-/buf-darwin-x64-1.31.0.tgz",
      "integrity": "sha512-oBTe1T4l2WSukAG+9YS7VHID4N1CuSvAxGBfuzpFQrjjiQZaaTfYuLqqVP6408MyCN7X/LOjfCekR1QToVweNw==",
      "cpu": [
        "x64"
      ],
      "optional": true,
      "os": [
        "darwin"
      ],
      "engines": {
        "node": ">=12"
      }
    },
    "node_modules/@bufbuild/buf-linux-aarch64": {
      "version": "1.31.0",
      "resolved": "https://registry.npmjs.org/@bufbuild/buf-linux-aarch64/-/buf-linux-aarch64-1.31.0.tgz",
      "integrity": "sha512-UN9KsTuO9YS5Vefj/CaqX1wO+hvc3AyGElxzOHMc7S3MWEuqSAFOhxu5I7CyOr2/yoZO2qZPPR29HuzmQsb2+w==",
      "cpu": [
        "arm64"
      ],
      "optional": true,
      "os": [
        "linux"
      ],
      "engines": {
        "node": ">=12"
      }
    },
    "node_modules/@bufbuild/buf-linux-x64": {
      "version": "1.31.0",
      "resolved": "https://registry.npmjs.org/@bufbuild/buf-linux-x64/-/buf-linux-x64-1.31.0.tgz",
      "integrity": "sha512-4uKq5Iu5tNEFE3Mz9a52KFCaywg5xLqwhN6Kf4kAk34kxWJgQ8D3WFe9ZpXHzH7Lj00u3Q+V/3vKCVATHR3tkw==",
      "cpu": [
        "x64"
      ],
      "optional": true,
      "os": [
        "linux"
      ],
      "engines": {
        "node": ">=12"
      }
    },
    "node_modules/@bufbuild/buf-win32-arm64": {
      "version": "1.31.0",
      "resolved": "https://registry.npmjs.org/@bufbuild/buf-win32-arm64/-/buf-win32-arm64-1.31.0.tgz",
      "integrity": "sha512-jz7GenlNsqwbC3qaHcBHBO35MycZ1gV8OUSRp/wTXGgZsEZzAyw335JA2NWL+5LaI8cF+CsYd6/uuWzKkdCKTQ==",
      "cpu": [
        "arm64"
      ],
      "optional": true,
      "os": [
        "win32"
      ],
      "engines": {
        "node": ">=12"
      }
    },
    "node_modules/@bufbuild/buf-win32-x64": {
      "version": "1.31.0",
      "resolved": "https://registry.npmjs.org/@bufbuild/buf-win32-x64/-/buf-win32-x64-1.31.0.tgz",
      "integrity": "sha512-gw7p3PYam0g7hNwIhNphua5P8GBZczginoWNK3jk5sGVv0TzWOdHrjkVVhkc3DJbRZEg10ExGI3qRfCqiX1IHw==",
      "cpu": [
        "x64"
      ],
      "optional": true,
      "os": [
        "win32"
      ],
      "engines": {
        "node": ">=12"
      }
    },
    "node_modules/@bufbuild/protobuf": {
      "version": "1.9.0",
      "resolved": "https://registry.npmjs.org/@bufbuild/protobuf/-/protobuf-1.9.0.tgz",
      "integrity": "sha512-W7gp8Q/v1NlCZLsv8pQ3Y0uCu/SHgXOVFK+eUluUKWXmsb6VHkpNx0apdOWWcDbB9sJoKeP8uPrjmehJz6xETQ=="
    },
    "node_modules/@bufbuild/protoc-gen-es": {
      "version": "1.9.0",
      "resolved": "https://registry.npmjs.org/@bufbuild/protoc-gen-es/-/protoc-gen-es-1.9.0.tgz",
      "integrity": "sha512-LJy1nC3Jsfdhs9v48P7qF6YXIqh+usFhXSVzJDTmw0yKjxQ3CKBNISRtaMql/g9hb1MLRU6unHCcFfdz4HSO/Q==",
      "dependencies": {
        "@bufbuild/protobuf": "^1.9.0",
        "@bufbuild/protoplugin": "1.9.0"
      },
      "bin": {
        "protoc-gen-es": "bin/protoc-gen-es"
      },
      "engines": {
        "node": ">=14"
      },
      "peerDependencies": {
        "@bufbuild/protobuf": "1.9.0"
      },
      "peerDependenciesMeta": {
        "@bufbuild/protobuf": {
          "optional": true
        }
      }
    },
    "node_modules/@bufbuild/protoplugin": {
      "version": "1.9.0",
      "resolved": "https://registry.npmjs.org/@bufbuild/protoplugin/-/protoplugin-1.9.0.tgz",
      "integrity": "sha512-/mxMiGs5h78RUHT7v4+mv0Wt0gyRf/SOS5PLzKEg2sclEAlFPbXfZ8HjlvxJpXZP/YpP3HvsW/mil3E69G0mXg==",
      "dependencies": {
        "@bufbuild/protobuf": "1.9.0",
        "@typescript/vfs": "^1.4.0",
        "typescript": "4.5.2"
      }
    },
    "node_modules/@connectrpc/protoc-gen-connect-es": {
      "version": "1.4.0",
      "resolved": "https://registry.npmjs.org/@connectrpc/protoc-gen-connect-es/-/protoc-gen-connect-es-1.4.0.tgz",
      "integrity": "sha512-/7vQ8Q7mEBhV8qEVh/eifRQlQnf8EJ6weMwCD2DljVAQRlZYcW9SLxjYZhV1uM1ZZqQC7Cw2vvgXRg2XQswHBg==",
      "dependencies": {
        "@bufbuild/protobuf": "^1.7.2",
        "@bufbuild/protoplugin": "^1.7.2"
      },
      "bin": {
        "protoc-gen-connect-es": "bin/protoc-gen-connect-es"
      },
      "engines": {
        "node": ">=16.0.0"
      },
      "peerDependencies": {
        "@bufbuild/protoc-gen-es": "^1.7.2",
        "@connectrpc/connect": "1.4.0"
      },
      "peerDependenciesMeta": {
        "@bufbuild/protoc-gen-es": {
          "optional": true
        },
        "@connectrpc/connect": {
          "optional": true
        }
      }
    },
    "node_modules/@connectrpc/protoc-gen-connect-query": {
      "version": "1.3.1",
      "resolved": "https://registry.npmjs.org/@connectrpc/protoc-gen-connect-query/-/protoc-gen-connect-query-1.3.1.tgz",
      "integrity": "sha512-/b4Fcud56MsHrpww2tmgMNB4Blb1mYcHmKGLWTJfbCy6ZOMXpp8cXLFEsvcC3dy0dZJZqqXmoROQ8SXHL4RLig==",
      "dependencies": {
        "@bufbuild/protobuf": "^1.7.2",
        "@bufbuild/protoplugin": "^1.7.2"
      },
      "bin": {
        "protoc-gen-connect-query": "bin/protoc-gen-connect-query"
      },
      "engines": {
        "node": ">=16"
      },
      "peerDependencies": {
        "@bufbuild/protoc-gen-es": "1.x"
      },
      "peerDependenciesMeta": {
        "@bufbuild/protoc-gen-es": {
          "optional": true
        }
      }
    },
    "node_modules/@typescript/vfs": {
      "version": "1.5.0",
      "resolved": "https://registry.npmjs.org/@typescript/vfs/-/vfs-1.5.0.tgz",
      "integrity": "sha512-AJS307bPgbsZZ9ggCT3wwpg3VbTKMFNHfaY/uF0ahSkYYrPF2dSSKDNIDIQAHm9qJqbLvCsSJH7yN4Vs/CsMMg==",
      "dependencies": {
        "debug": "^4.1.1"
      }
    },
    "node_modules/debug": {
      "version": "4.3.4",
      "resolved": "https://registry.npmjs.org/debug/-/debug-4.3.4.tgz",
      "integrity": "sha512-PRWFHuSU3eDtQJPvnNY7Jcket1j0t5OuOsFzPPzsekD52Zl8qUfFIPEiswXqIvHWGVHOgX+7G/vCNNhehwxfkQ==",
      "dependencies": {
        "ms": "2.1.2"
      },
      "engines": {
        "node": ">=6.0"
      },
      "peerDependenciesMeta": {
        "supports-color": {
          "optional": true
        }
      }
    },
    "node_modules/ms": {
      "version": "2.1.2",
      "resolved": "https://registry.npmjs.org/ms/-/ms-2.1.2.tgz",
      "integrity": "sha512-sGkPx+VjMtmA6MX27oA4FBFELFCZZ4S4XqeGOXCv68tT+jb3vk/RyaKWP0PTKyWtmLSM0b+adUTEvbs1PEaH2w=="
    },
    "node_modules/typescript": {
      "version": "4.5.2",
      "resolved": "https://registry.npmjs.org/typescript/-/typescript-4.5.2.tgz",
      "integrity": "sha512-5BlMof9H1yGt0P8/WF+wPNw6GfctgGjXp5hkblpyT+8rkASSmkUKMXrxR0Xg8ThVCi/JnHQiKXeBaEwCeQwMFw==",
      "bin": {
        "tsc": "bin/tsc",
        "tsserver": "bin/tsserver"
      },
      "engines": {
        "node": ">=4.2.0"
      }
    }
  },
  "dependencies": {
    "@bufbuild/buf": {
      "version": "1.31.0",
      "resolved": "https://registry.npmjs.org/@bufbuild/buf/-/buf-1.31.0.tgz",
      "integrity": "sha512-kM/eueGkp0NDo8p8B6GXr1MdCzf4w8zEV1gbEiDlaLYDoyeHGLtlf5jF/hrb6MsvCccy3x7cc+cj4Wn/DmoR2g==",
      "requires": {
        "@bufbuild/buf-darwin-arm64": "1.31.0",
        "@bufbuild/buf-darwin-x64": "1.31.0",
        "@bufbuild/buf-linux-aarch64": "1.31.0",
        "@bufbuild/buf-linux-x64": "1.31.0",
        "@bufbuild/buf-win32-arm64": "1.31.0",
        "@bufbuild/buf-win32-x64": "1.31.0"
      }
    },
    "@bufbuild/buf-darwin-arm64": {
      "version": "1.31.0",
      "resolved": "https://registry.npmjs.org/@bufbuild/buf-darwin-arm64/-/buf-darwin-arm64-1.31.0.tgz",
      "integrity": "sha512-C0jArGS/SW0jfpBBmG6xEhUBWQTsGInnPr7y44WYWNS/U5OnnWPJtYQ7xbH0mzYDMx7sZVRV0FKvPO0FPKS+hA==",
      "optional": true
    },
    "@bufbuild/buf-darwin-x64": {
      "version": "1.31.0",
      "resolved": "https://registry.npmjs.org/@bufbuild/buf-darwin-x64/-/buf-darwin-x64-1.31.0.tgz",
      "integrity": "sha512-oBTe1T4l2WSukAG+9YS7VHID4N1CuSvAxGBfuzpFQrjjiQZaaTfYuLqqVP6408MyCN7X/LOjfCekR1QToVweNw==",
      "optional": true
    },
    "@bufbuild/buf-linux-aarch64": {
      "version": "1.31.0",
      "resolved": "https://registry.npmjs.org/@bufbuild/buf-linux-aarch64/-/buf-linux-aarch64-1.31.0.tgz",
      "integrity": "sha512-UN9KsTuO9YS5Vefj/CaqX1wO+hvc3AyGElxzOHMc7S3MWEuqSAFOhxu5I7CyOr2/yoZO2qZPPR29HuzmQsb2+w==",
      "optional": true
    },
    "@bufbuild/buf-linux-x64": {
      "version": "1.31.0",
      "resolved": "https://registry.npmjs.org/@bufbuild/buf-linux-x64/-/buf-linux-x64-1.31.0.tgz",
      "integrity": "sha512-4uKq5Iu5tNEFE3Mz9a52KFCaywg5xLqwhN6Kf4kAk34kxWJgQ8D3WFe9ZpXHzH7Lj00u3Q+V/3vKCVATHR3tkw==",
      "optional": true
    },
    "@bufbuild/buf-win32-arm64": {
      "version": "1.31.0",
      "resolved": "https://registry.npmjs.org/@bufbuild/buf-win32-arm64/-/buf-win32-arm64-1.31.0.tgz",
      "integrity": "sha512-jz7GenlNsqwbC3qaHcBHBO35MycZ1gV8OUSRp/wTXGgZsEZzAyw335JA2NWL+5LaI8cF+CsYd6/uuWzKkdCKTQ==",
      "optional": true
    },
    "@bufbuild/buf-win32-x64": {
      "version": "1.31.0",
      "resolved": "https://registry.npmjs.org/@bufbuild/buf-win32-x64/-/buf-win32-x64-1.31.0.tgz",
      "integrity": "sha512-gw7p3PYam0g7hNwIhNphua5P8GBZczginoWNK3jk5sGVv0TzWOdHrjkVVhkc3DJbRZEg10ExGI3qRfCqiX1IHw==",
      "optional": true
    },
    "@bufbuild/protobuf": {
      "version": "1.9.0",
      "resolved": "https://registry.npmjs.org/@bufbuild/protobuf/-/protobuf-1.9.0.tgz",
      "integrity": "sha512-W7gp8Q/v1NlCZLsv8pQ3Y0uCu/SHgXOVFK+eUluUKWXmsb6VHkpNx0apdOWWcDbB9sJoKeP8uPrjmehJz6xETQ=="
    },
    "@bufbuild/protoc-gen-es": {
      "version": "1.9.0",
      "resolved": "https://registry.npmjs.org/@bufbuild/protoc-gen-es/-/protoc-gen-es-1.9.0.tgz",
      "integrity": "sha512-LJy1nC3Jsfdhs9v48P7qF6YXIqh+usFhXSVzJDTmw0yKjxQ3CKBNISRtaMql/g9hb1MLRU6unHCcFfdz4HSO/Q==",
      "requires": {
        "@bufbuild/protobuf": "^1.9.0",
        "@bufbuild/protoplugin": "1.9.0"
      }
    },
    "@bufbuild/protoplugin": {
      "version": "1.9.0",
      "resolved": "https://registry.npmjs.org/@bufbuild/protoplugin/-/protoplugin-1.9.0.tgz",
      "integrity": "sha512-/mxMiGs5h78RUHT7v4+mv0Wt0gyRf/SOS5PLzKEg2sclEAlFPbXfZ8HjlvxJpXZP/YpP3HvsW/mil3E69G0mXg==",
      "requires": {
        "@bufbuild/protobuf": "1.9.0",
        "@typescript/vfs": "^1.4.0",
        "typescript": "4.5.2"
      }
    },
    "@connectrpc/protoc-gen-connect-es": {
      "version": "1.4.0",
      "resolved": "https://registry.npmjs.org/@connectrpc/protoc-gen-connect-es/-/protoc-gen-connect-es-1.4.0.tgz",
      "integrity": "sha512-/7vQ8Q7mEBhV8qEVh/eifRQlQnf8EJ6weMwCD2DljVAQRlZYcW9SLxjYZhV1uM1ZZqQC7Cw2vvgXRg2XQswHBg==",
      "requires": {
        "@bufbuild/protobuf": "^1.7.2",
        "@bufbuild/protoplugin": "^1.7.2"
      }
    },
    "@connectrpc/protoc-gen-connect-query": {
      "version": "1.3.1",
      "resolved": "https://registry.npmjs.org/@connectrpc/protoc-gen-connect-query/-/protoc-gen-connect-query-1.3.1.tgz",
      "integrity": "sha512-/b4Fcud56MsHrpww2tmgMNB4Blb1mYcHmKGLWTJfbCy6ZOMXpp8cXLFEsvcC3dy0dZJZqqXmoROQ8SXHL4RLig==",
      "requires": {
        "@bufbuild/protobuf": "^1.7.2",
        "@bufbuild/protoplugin": "^1.7.2"
      }
    },
    "@typescript/vfs": {
      "version": "1.5.0",
      "resolved": "https://registry.npmjs.org/@typescript/vfs/-/vfs-1.5.0.tgz",
      "integrity": "sha512-AJS307bPgbsZZ9ggCT3wwpg3VbTKMFNHfaY/uF0ahSkYYrPF2dSSKDNIDIQAHm9qJqbLvCsSJH7yN4Vs/CsMMg==",
      "requires": {
        "debug": "^4.1.1"
      }
    },
    "debug": {
      "version": "4.3.4",
      "resolved": "https://registry.npmjs.org/debug/-/debug-4.3.4.tgz",
      "integrity": "sha512-PRWFHuSU3eDtQJPvnNY7Jcket1j0t5OuOsFzPPzsekD52Zl8qUfFIPEiswXqIvHWGVHOgX+7G/vCNNhehwxfkQ==",
      "requires": {
        "ms": "2.1.2"
      }
    },
    "ms": {
      "version": "2.1.2",
      "resolved": "https://registry.npmjs.org/ms/-/ms-2.1.2.tgz",
      "integrity": "sha512-sGkPx+VjMtmA6MX27oA4FBFELFCZZ4S4XqeGOXCv68tT+jb3vk/RyaKWP0PTKyWtmLSM0b+adUTEvbs1PEaH2w=="
    },
    "typescript": {
      "version": "4.5.2",
      "resolved": "https://registry.npmjs.org/typescript/-/typescript-4.5.2.tgz",
      "integrity": "sha512-5BlMof9H1yGt0P8/WF+wPNw6GfctgGjXp5hkblpyT+8rkASSmkUKMXrxR0Xg8ThVCi/JnHQiKXeBaEwCeQwMFw=="
    }
  }
}
